
Microsoft Visual Studio Solution File, Format Version 12.00
# Visual Studio Version 17
VisualStudioVersion = 17.2.32602.215
MinimumVisualStudioVersion = 10.0.40219.1
Project("{9A19103F-16F7-4668-BE54-9A1E7A4F7556}") = "UI", "UI\UI.csproj", "{34F7467E-F9A5-4C5C-8088-3451BA470E8C}"
	ProjectSection(ProjectDependencies) = postProject
		{1BE01CC8-F847-497F-BF79-97870C169471} = {1BE01CC8-F847-497F-BF79-97870C169471}
		{FF150DAD-F8AD-4A99-AFB2-8573B1435EBB} = {FF150DAD-F8AD-4A99-AFB2-8573B1435EBB}
	EndProjectSection
EndProject
Project("{8BC9CEB8-8B4A-11D0-8D11-00A0C91BC942}") = "ASMSobel", "ASMSobel\ASMSobel.vcxproj", "{1BE01CC8-F847-497F-BF79-97870C169471}"
EndProject
Project("{8BC9CEB8-8B4A-11D0-8D11-00A0C91BC942}") = "CPPSobel", "CPPSobel\CPPSobel.vcxproj", "{FF150DAD-F8AD-4A99-AFB2-8573B1435EBB}"
EndProject
Global
	GlobalSection(SolutionConfigurationPlatforms) = preSolution
		Debug|Any CPU = Debug|Any CPU
		Debug|x64 = Debug|x64
		Debug|x86 = Debug|x86
		Release|Any CPU = Release|Any CPU
		Release|x64 = Release|x64
		Release|x86 = Release|x86
	EndGlobalSection
	GlobalSection(ProjectConfigurationPlatforms) = postSolution
		{34F7467E-F9A5-4C5C-8088-3451BA470E8C}.Debug|Any CPU.ActiveCfg = Debug|Any CPU
		{34F7467E-F9A5-4C5C-8088-3451BA470E8C}.Debug|Any CPU.Build.0 = Debug|Any CPU
		{34F7467E-F9A5-4C5C-8088-3451BA470E8C}.Debug|x64.ActiveCfg = Debug|Any CPU
		{34F7467E-F9A5-4C5C-8088-3451BA470E8C}.Debug|x64.Build.0 = Debug|Any CPU
		{34F7467E-F9A5-4C5C-8088-3451BA470E8C}.Debug|x86.ActiveCfg = Debug|Any CPU
		{34F7467E-F9A5-4C5C-8088-3451BA470E8C}.Debug|x86.Build.0 = Debug|Any CPU
		{34F7467E-F9A5-4C5C-8088-3451BA470E8C}.Release|Any CPU.ActiveCfg = Release|Any CPU
		{34F7467E-F9A5-4C5C-8088-3451BA470E8C}.Release|Any CPU.Build.0 = Release|Any CPU
		{34F7467E-F9A5-4C5C-8088-3451BA470E8C}.Release|x64.ActiveCfg = Release|Any CPU
		{34F7467E-F9A5-4C5C-8088-3451BA470E8C}.Release|x64.Build.0 = Release|Any CPU
		{34F7467E-F9A5-4C5C-8088-3451BA470E8C}.Release|x86.ActiveCfg = Release|Any CPU
		{34F7467E-F9A5-4C5C-8088-3451BA470E8C}.Release|x86.Build.0 = Release|Any CPU
		{1BE01CC8-F847-497F-BF79-97870C169471}.Debug|Any CPU.ActiveCfg = Debug|x64
		{1BE01CC8-F847-497F-BF79-97870C169471}.Debug|Any CPU.Build.0 = Debug|x64
		{1BE01CC8-F847-497F-BF79-97870C169471}.Debug|x64.ActiveCfg = Debug|x64
		{1BE01CC8-F847-497F-BF79-97870C169471}.Debug|x64.Build.0 = Debug|x64
		{1BE01CC8-F847-497F-BF79-97870C169471}.Debug|x86.ActiveCfg = Debug|Win32
		{1BE01CC8-F847-497F-BF79-97870C169471}.Debug|x86.Build.0 = Debug|Win32
		{1BE01CC8-F847-497F-BF79-97870C169471}.Release|Any CPU.ActiveCfg = Release|x64
		{1BE01CC8-F847-497F-BF79-97870C169471}.Release|Any CPU.Build.0 = Release|x64
		{1BE01CC8-F847-497F-BF79-97870C169471}.Release|x64.ActiveCfg = Release|x64
		{1BE01CC8-F847-497F-BF79-97870C169471}.Release|x64.Build.0 = Release|x64
		{1BE01CC8-F847-497F-BF79-97870C169471}.Release|x86.ActiveCfg = Release|Win32
		{1BE01CC8-F847-497F-BF79-97870C169471}.Release|x86.Build.0 = Release|Win32
		{FF150DAD-F8AD-4A99-AFB2-8573B1435EBB}.Debug|Any CPU.ActiveCfg = Debug|x64
		{FF150DAD-F8AD-4A99-AFB2-8573B1435EBB}.Debug|Any CPU.Build.0 = Debug|x64
		{FF150DAD-F8AD-4A99-AFB2-8573B1435EBB}.Debug|x64.ActiveCfg = Debug|x64
		{FF150DAD-F8AD-4A99-AFB2-8573B1435EBB}.Debug|x64.Build.0 = Debug|x64
		{FF150DAD-F8AD-4A99-AFB2-8573B1435EBB}.Debug|x86.ActiveCfg = Debug|Win32
		{FF150DAD-F8AD-4A99-AFB2-8573B1435EBB}.Debug|x86.Build.0 = Debug|Win32
		{FF150DAD-F8AD-4A99-AFB2-8573B1435EBB}.Release|Any CPU.ActiveCfg = Release|x64
		{FF150DAD-F8AD-4A99-AFB2-8573B1435EBB}.Release|Any CPU.Build.0 = Release|x64
		{FF150DAD-F8AD-4A99-AFB2-8573B1435EBB}.Release|x64.ActiveCfg = Release|x64
		{FF150DAD-F8AD-4A99-AFB2-8573B1435EBB}.Release|x64.Build.0 = Release|x64
		{FF150DAD-F8AD-4A99-AFB2-8573B1435EBB}.Release|x86.ActiveCfg = Release|Win32
		{FF150DAD-F8AD-4A99-AFB2-8573B1435EBB}.Release|x86.Build.0 = Release|Win32
	EndGlobalSection
	GlobalSection(SolutionProperties) = preSolution
		HideSolutionNode = FALSE
	EndGlobalSection
	GlobalSection(ExtensibilityGlobals) = postSolution
		SolutionGuid = {9CD21EE3-2BC8-4CA1-A96F-F3944F390C73}
	EndGlobalSection
EndGlobal
